
Microsoft Visual Studio Solution File, Format Version 12.00
# Visual Studio Version 17
VisualStudioVersion = 17.6.33815.320
MinimumVisualStudioVersion = 10.0.40219.1
Project("{FAE04EC0-301F-11D3-BF4B-00C04F79EFBC}") = "MyWebApplication", "MyWebApplication\MyWebApplication.csproj", "{92E95FFB-CD7A-44C3-8DDB-C23A375D07C9}"
EndProject
Project("{FAE04EC0-301F-11D3-BF4B-00C04F79EFBC}") = "MyWebApplication.Models", "MyWebApplication.Models\MyWebApplication.Models.csproj", "{82DED096-9B4E-4238-A8FC-BD7BEEEE399E}"
EndProject
Project("{FAE04EC0-301F-11D3-BF4B-00C04F79EFBC}") = "MyWebApplication.Data", "MyWebApplication.Data\MyWebApplication.Data.csproj", "{93C6A2DD-C8D3-4DFA-B2B2-706E2AAF55E6}"
EndProject
Global
	GlobalSection(SolutionConfigurationPlatforms) = preSolution
		Debug|Any CPU = Debug|Any CPU
		Release|Any CPU = Release|Any CPU
	EndGlobalSection
	GlobalSection(ProjectConfigurationPlatforms) = postSolution
		{92E95FFB-CD7A-44C3-8DDB-C23A375D07C9}.Debug|Any CPU.ActiveCfg = Debug|Any CPU
		{92E95FFB-CD7A-44C3-8DDB-C23A375D07C9}.Debug|Any CPU.Build.0 = Debug|Any CPU
		{92E95FFB-CD7A-44C3-8DDB-C23A375D07C9}.Release|Any CPU.ActiveCfg = Release|Any CPU
		{92E95FFB-CD7A-44C3-8DDB-C23A375D07C9}.Release|Any CPU.Build.0 = Release|Any CPU
		{82DED096-9B4E-4238-A8FC-BD7BEEEE399E}.Debug|Any CPU.ActiveCfg = Debug|Any CPU
		{82DED096-9B4E-4238-A8FC-BD7BEEEE399E}.Debug|Any CPU.Build.0 = Debug|Any CPU
		{82DED096-9B4E-4238-A8FC-BD7BEEEE399E}.Release|Any CPU.ActiveCfg = Release|Any CPU
		{82DED096-9B4E-4238-A8FC-BD7BEEEE399E}.Release|Any CPU.Build.0 = Release|Any CPU
		{93C6A2DD-C8D3-4DFA-B2B2-706E2AAF55E6}.Debug|Any CPU.ActiveCfg = Debug|Any CPU
		{93C6A2DD-C8D3-4DFA-B2B2-706E2AAF55E6}.Debug|Any CPU.Build.0 = Debug|Any CPU
		{93C6A2DD-C8D3-4DFA-B2B2-706E2AAF55E6}.Release|Any CPU.ActiveCfg = Release|Any CPU
		{93C6A2DD-C8D3-4DFA-B2B2-706E2AAF55E6}.Release|Any CPU.Build.0 = Release|Any CPU
	EndGlobalSection
	GlobalSection(SolutionProperties) = preSolution
		HideSolutionNode = FALSE
	EndGlobalSection
	GlobalSection(ExtensibilityGlobals) = postSolution
		SolutionGuid = {E75E945D-B716-4B0F-8D8A-6041F4B3EB50}
	EndGlobalSection
EndGlobal
